
Microsoft Visual Studio Solution File, Format Version 12.00
# Visual Studio Version 16
VisualStudioVersion = 16.0.31515.178
MinimumVisualStudioVersion = 10.0.40219.1
Project("{8BC9CEB8-8B4A-11D0-8D11-00A0C91BC942}") = "Class map", "Class map\Class map.vcxproj", "{3011E135-F93F-4C89-BF2F-919F3FEBC892}"
EndProject
Global
	GlobalSection(SolutionConfigurationPlatforms) = preSolution
		Debug|x64 = Debug|x64
		Debug|x86 = Debug|x86
		Release|x64 = Release|x64
		Release|x86 = Release|x86
	EndGlobalSection
	GlobalSection(ProjectConfigurationPlatforms) = postSolution
		{3011E135-F93F-4C89-BF2F-919F3FEBC892}.Debug|x64.ActiveCfg = Debug|x64
		{3011E135-F93F-4C89-BF2F-919F3FEBC892}.Debug|x64.Build.0 = Debug|x64
		{3011E135-F93F-4C89-BF2F-919F3FEBC892}.Debug|x86.ActiveCfg = Debug|Win32
		{3011E135-F93F-4C89-BF2F-919F3FEBC892}.Debug|x86.Build.0 = Debug|Win32
		{3011E135-F93F-4C89-BF2F-919F3FEBC892}.Release|x64.ActiveCfg = Release|x64
		{3011E135-F93F-4C89-BF2F-919F3FEBC892}.Release|x64.Build.0 = Release|x64
		{3011E135-F93F-4C89-BF2F-919F3FEBC892}.Release|x86.ActiveCfg = Release|Win32
		{3011E135-F93F-4C89-BF2F-919F3FEBC892}.Release|x86.Build.0 = Release|Win32
	EndGlobalSection
	GlobalSection(SolutionProperties) = preSolution
		HideSolutionNode = FALSE
	EndGlobalSection
	GlobalSection(ExtensibilityGlobals) = postSolution
		SolutionGuid = {8A6F5380-5977-4B2F-9C7F-939DAA555358}
	EndGlobalSection
EndGlobal
